Microsoft Visual Studio Solution File, Format Version 11.00
# Visual Studio 2008

Project("{A6FA99AA-B5D3-DAE7-0006-0C09D7D6C753}") = "Beer-mas", "Assembly-CSharp.csproj", "{179110F5-BEAF-22DC-C331-DF903C3CD1E3}"
EndProject
Global
	GlobalSection(SolutionConfigurationPlatforms) = preSolution
		Debug|Any CPU = Debug|Any CPU
		Release|Any CPU = Release|Any CPU
	EndGlobalSection
	GlobalSection(ProjectConfigurationPlatforms) = postSolution
		{179110F5-BEAF-22DC-C331-DF903C3CD1E3}.Debug|Any CPU.ActiveCfg = Debug|Any CPU
		{179110F5-BEAF-22DC-C331-DF903C3CD1E3}.Debug|Any CPU.Build.0 = Debug|Any CPU
		{179110F5-BEAF-22DC-C331-DF903C3CD1E3}.Release|Any CPU.ActiveCfg = Release|Any CPU
		{179110F5-BEAF-22DC-C331-DF903C3CD1E3}.Release|Any CPU.Build.0 = Release|Any CPU
	EndGlobalSection
	GlobalSection(SolutionProperties) = preSolution
		HideSolutionNode = FALSE
	EndGlobalSection
	GlobalSection(MonoDevelopProperties) = preSolution
		StartupItem = Assembly-CSharp.csproj
	EndGlobalSection
EndGlobal
